
Microsoft Visual Studio Solution File, Format Version 12.00
# Visual Studio Version 17
VisualStudioVersion = 17.5.002.0
MinimumVisualStudioVersion = 10.0.40219.1
Project("{2150E333-8FDC-42A3-9474-1A3956D46DE8}") = "src", "src", "{4345B6AE-426D-49AD-A1B3-D16006885D1B}"
EndProject
Project("{9A19103F-16F7-4668-BE54-9A1E7A4F7556}") = "logic-apps-public-rmoreirao", "src\LogicApp\logic-apps-public-rmoreirao.csproj", "{9CAC8C03-79A1-4E70-9079-859C6B05AE45}"
EndProject
Global
	GlobalSection(SolutionConfigurationPlatforms) = preSolution
		Debug|Any CPU = Debug|Any CPU
		Release|Any CPU = Release|Any CPU
	EndGlobalSection
	GlobalSection(ProjectConfigurationPlatforms) = postSolution
		{9CAC8C03-79A1-4E70-9079-859C6B05AE45}.Debug|Any CPU.ActiveCfg = Debug|Any CPU
		{9CAC8C03-79A1-4E70-9079-859C6B05AE45}.Debug|Any CPU.Build.0 = Debug|Any CPU
		{9CAC8C03-79A1-4E70-9079-859C6B05AE45}.Release|Any CPU.ActiveCfg = Release|Any CPU
		{9CAC8C03-79A1-4E70-9079-859C6B05AE45}.Release|Any CPU.Build.0 = Release|Any CPU
	EndGlobalSection
	GlobalSection(SolutionProperties) = preSolution
		HideSolutionNode = FALSE
	EndGlobalSection
	GlobalSection(NestedProjects) = preSolution
		{9CAC8C03-79A1-4E70-9079-859C6B05AE45} = {4345B6AE-426D-49AD-A1B3-D16006885D1B}
	EndGlobalSection
	GlobalSection(ExtensibilityGlobals) = postSolution
		SolutionGuid = {AA231A3D-AFD2-4AF8-8E76-A8B0B9346D09}
	EndGlobalSection
EndGlobal
